{
  "name": "jyml",
  "version": "0.2.0",
  "lockfileVersion": 3,
  "requires": true,
  "packages": {
    "": {
      "name": "jyml",
      "version": "0.2.0",
      "license": "MIT",
      "dependencies": {
        "commander": "^15.0.0",
        "js-yaml": "^5.0.0"
      },
      "bin": {
        "jyml": "bin/jyml.js"
      },
      "engines": {
        "node": ">=22"
      }
    },
    "node_modules/argparse": {
      "version": "2.0.1",
      "resolved": "https://registry.npmjs.org/argparse/-/argparse-2.0.1.tgz",
      "integrity": "sha512-8+9WqebbFzpX9OR+Wa6O29asIogeRMzcGtAINdpMHHyAg10f05aSFVBbcEqGf/PXw1EjAZ+q2/bEBg3DvurK3Q==",
      "license": "Python-2.0"
    },
    "node_modules/commander": {
      "version": "15.0.0",
      "resolved": "https://registry.npmjs.org/commander/-/commander-15.0.0.tgz",
      "integrity": "sha512-z67u4ZhzCL/Tydu1lJARtEZYWbWaN7oYLHbsuzocr6y4N6WZAagG3RQ4FW61V1/0+jImpj293XfrcYnd1qxtPg==",
      "license": "MIT",
      "engines": {
        "node": ">=22.12.0"
      }
    },
    "node_modules/js-yaml": {
      "version": "5.2.0",
      "resolved": "https://registry.npmjs.org/js-yaml/-/js-yaml-5.2.0.tgz",
      "integrity": "sha512-YeLUMlvR4Ou1B119LIaM0r65JvbOBooJDc9yEu0dClb/uSC5P4FrLU8OCCz/HXWvtPoIrR0dRzABTjo1sTN9Bw==",
      "funding": [
        {
          "type": "github",
          "url": "https://github.com/sponsors/puzrin"
        },
        {
          "type": "github",
          "url": "https://github.com/sponsors/nodeca"
        }
      ],
      "license": "MIT",
      "dependencies": {
        "argparse": "^2.0.1"
      },
      "bin": {
        "js-yaml": "bin/js-yaml.mjs"
      }
    }
  }
}
